
Microsoft Visual Studio Solution File, Format Version 12.00
# Visual Studio Version 17
VisualStudioVersion = 17.4.33213.308
MinimumVisualStudioVersion = 10.0.40219.1
Project("{FAE04EC0-301F-11D3-BF4B-00C04F79EFBC}") = "SvgPathExtractor", "SvgPathExtractor.csproj", "{155D325B-FCFA-4A2F-B795-0099120BF16D}"
EndProject
Global
	GlobalSection(SolutionConfigurationPlatforms) = preSolution
		Debug|Any CPU = Debug|Any CPU
		Release|Any CPU = Release|Any CPU
	EndGlobalSection
	GlobalSection(ProjectConfigurationPlatforms) = postSolution
		{155D325B-FCFA-4A2F-B795-0099120BF16D}.Debug|Any CPU.ActiveCfg = Debug|Any CPU
		{155D325B-FCFA-4A2F-B795-0099120BF16D}.Debug|Any CPU.Build.0 = Debug|Any CPU
		{155D325B-FCFA-4A2F-B795-0099120BF16D}.Release|Any CPU.ActiveCfg = Release|Any CPU
		{155D325B-FCFA-4A2F-B795-0099120BF16D}.Release|Any CPU.Build.0 = Release|Any CPU
	EndGlobalSection
	GlobalSection(SolutionProperties) = preSolution
		HideSolutionNode = FALSE
	EndGlobalSection
	GlobalSection(ExtensibilityGlobals) = postSolution
		SolutionGuid = {96CE0163-982D-4B8A-820E-6BB51ECF4938}
	EndGlobalSection
EndGlobal
